version = 1
revision = 3
requires-python = ">=3.12"

[[package]]
name = "colorama"
version = "0.4.6"
source = { registry = "https://pypi.org/simple" }
sdist = { url = "https://files.pythonhosted.org/packages/d8/53/6f443c9a4a8358a93a6792e2acffb9d9d5cb0a5cfd8802644b7b1c9a02e4/colorama-0.4.6.tar.gz", hash = "sha256:08695f5cb7ed6e0531a20572697297273c47b8cae5a63ffc6d6ed5c201be6e44", size = 27697, upload-time = "2022-10-25T02:36:22.414Z" }
wheels = [
    { url = "https://files.pythonhosted.org/packages/d1/d6/3965ed04c63042e047cb6a3e6ed1a63a35087b6a609aa3a15ed8ac56c221/colorama-0.4.6-py2.py3-none-any.whl", hash = "sha256:4f1d9991f5acc0ca119f9d443620b77f9d6b33703e51011c16baf57afb285fc6", size = 25335, upload-time = "2022-10-25T02:36:20.889Z" },
]

[[package]]
name = "grind75"
version = "0.1.0"
source = { virtual = "." }

[package.dev-dependencies]
dev = [
    { name = "pytest" },
    { name = "ruff" },
    { name = "ty" },
]

[package.metadata]

[package.metadata.requires-dev]
dev = [
    { name = "pytest", specifier = "==8.3.4" },
    { name = "ruff", specifier = "==0.8.4" },
    { name = "ty", specifier = "==0.0.1a5" },
]

[[package]]
name = "iniconfig"
version = "2.3.0"
source = { registry = "https://pypi.org/simple" }
sdist = { url = "https://files.pythonhosted.org/packages/72/34/14ca021ce8e5dfedc35312d08ba8bf51fdd999c576889fc2c24cb97f4f10/iniconfig-2.3.0.tar.gz", hash = "sha256:c76315c77db068650d49c5b56314774a7804df16fee4402c1f19d6d15d8c4730", size = 20503, upload-time = "2025-10-18T21:55:43.219Z" }
wheels = [
    { url = "https://files.pythonhosted.org/packages/cb/b1/3846dd7f199d53cb17f49cba7e651e9ce294d8497c8c150530ed11865bb8/iniconfig-2.3.0-py3-none-any.whl", hash = "sha256:f631c04d2c48c52b84d0d0549c99ff3859c98df65b3101406327ecc7d53fbf12", size = 7484, upload-time = "2025-10-18T21:55:41.639Z" },
]

[[package]]
name = "packaging"
version = "26.1"
source = { registry = "https://pypi.org/simple" }
sdist = { url = "https://files.pythonhosted.org/packages/df/de/0d2b39fb4af88a0258f3bac87dfcbb48e73fbdea4a2ed0e2213f9a4c2f9a/packaging-26.1.tar.gz", hash = "sha256:f042152b681c4bfac5cae2742a55e103d27ab2ec0f3d88037136b6bfe7c9c5de", size = 215519, upload-time = "2026-04-14T21:12:49.362Z" }
wheels = [
    { url = "https://files.pythonhosted.org/packages/7a/c2/920ef838e2f0028c8262f16101ec09ebd5969864e5a64c4c05fad0617c56/packaging-26.1-py3-none-any.whl", hash = "sha256:5d9c0669c6285e491e0ced2eee587eaf67b670d94a19e94e3984a481aba6802f", size = 95831, upload-time = "2026-04-14T21:12:47.56Z" },
]

[[package]]
name = "pluggy"
version = "1.6.0"
source = { registry = "https://pypi.org/simple" }
sdist = { url = "https://files.pythonhosted.org/packages/f9/e2/3e91f31a7d2b083fe6ef3fa267035b518369d9511ffab804f839851d2779/pluggy-1.6.0.tar.gz", hash = "sha256:7dcc130b76258d33b90f61b658791dede3486c3e6bfb003ee5c9bfb396dd22f3", size = 69412, upload-time = "2025-05-15T12:30:07.975Z" }
wheels = [
    { url = "https://files.pythonhosted.org/packages/54/20/4d324d65cc6d9205fabedc306948156824eb9f0ee1633355a8f7ec5c66bf/pluggy-1.6.0-py3-none-any.whl", hash = "sha256:e920276dd6813095e9377c0bc5566d94c932c33b27a3e3945d8389c374dd4746", size = 20538, upload-time = "2025-05-15T12:30:06.134Z" },
]

[[package]]
name = "pytest"
version = "8.3.4"
source = { registry = "https://pypi.org/simple" }
dependencies = [
    { name = "colorama", marker = "sys_platform == 'win32'" },
    { name = "iniconfig" },
    { name = "packaging" },
    { name = "pluggy" },
]
sdist = { url = "https://files.pythonhosted.org/packages/05/35/30e0d83068951d90a01852cb1cef56e5d8a09d20c7f511634cc2f7e0372a/pytest-8.3.4.tar.gz", hash = "sha256:965370d062bce11e73868e0335abac31b4d3de0e82f4007408d242b4f8610761", size = 1445919, upload-time = "2024-12-01T12:54:25.98Z" }
wheels = [
    { url = "https://files.pythonhosted.org/packages/11/92/76a1c94d3afee238333bc0a42b82935dd8f9cf8ce9e336ff87ee14d9e1cf/pytest-8.3.4-py3-none-any.whl", hash = "sha256:50e16d954148559c9a74109af1eaf0c945ba2d8f30f0a3d3335edde19788b6f6", size = 343083, upload-time = "2024-12-01T12:54:19.735Z" },
]

[[package]]
name = "ruff"
version = "0.8.4"
source = { registry = "https://pypi.org/simple" }
sdist = { url = "https://files.pythonhosted.org/packages/34/37/9c02181ef38d55b77d97c68b78e705fd14c0de0e5d085202bb2b52ce5be9/ruff-0.8.4.tar.gz", hash = "sha256:0d5f89f254836799af1615798caa5f80b7f935d7a670fad66c5007928e57ace8", size = 3402103, upload-time = "2024-12-19T13:36:26.286Z" }
wheels = [
    { url = "https://files.pythonhosted.org/packages/05/67/f480bf2f2723b2e49af38ed2be75ccdb2798fca7d56279b585c8f553aaab/ruff-0.8.4-py3-none-linux_armv6l.whl", hash = "sha256:58072f0c06080276804c6a4e21a9045a706584a958e644353603d36ca1eb8a60", size = 10546415, upload-time = "2024-12-19T13:35:24.958Z" },
    { url = "https://files.pythonhosted.org/packages/eb/7a/5aba20312c73f1ce61814e520d1920edf68ca3b9c507bd84d8546a8ecaa8/ruff-0.8.4-py3-none-macosx_10_12_x86_64.whl", hash = "sha256:ffb60904651c00a1e0b8df594591770018a0f04587f7deeb3838344fe3adabac", size = 10346113, upload-time = "2024-12-19T13:35:29.922Z" },
    { url = "https://files.pythonhosted.org/packages/76/f4/c41de22b3728486f0aa95383a44c42657b2db4062f3234ca36fc8cf52d8b/ruff-0.8.4-py3-none-macosx_11_0_arm64.whl", hash = "sha256:6ddf5d654ac0d44389f6bf05cee4caeefc3132a64b58ea46738111d687352296", size = 9943564, upload-time = "2024-12-19T13:35:33.455Z" },
    { url = "https://files.pythonhosted.org/packages/0e/f0/afa0d2191af495ac82d4cbbfd7a94e3df6f62a04ca412033e073b871fc6d/ruff-0.8.4-py3-none-manylinux_2_17_aarch64.manylinux2014_aarch64.whl", hash = "sha256:e248b1f0fa2749edd3350a2a342b67b43a2627434c059a063418e3d375cfe643", size = 10805522, upload-time = "2024-12-19T13:35:36.514Z" },
    { url = "https://files.pythonhosted.org/packages/12/57/5d1e9a0fd0c228e663894e8e3a8e7063e5ee90f8e8e60cf2085f362bfa1a/ruff-0.8.4-py3-none-manylinux_2_17_armv7l.manylinux2014_armv7l.whl", hash = "sha256:bf197b98ed86e417412ee3b6c893f44c8864f816451441483253d5ff22c0e81e", size = 10306763, upload-time = "2024-12-19T13:35:39.257Z" },
    { url = "https://files.pythonhosted.org/packages/04/df/f069fdb02e408be8aac6853583572a2873f87f866fe8515de65873caf6b8/ruff-0.8.4-py3-none-manylinux_2_17_i686.manylinux2014_i686.whl", hash = "sha256:c41319b85faa3aadd4d30cb1cffdd9ac6b89704ff79f7664b853785b48eccdf3", size = 11359574, upload-time = "2024-12-19T13:35:44.519Z" },
    { url = "https://files.pythonhosted.org/packages/d3/04/37c27494cd02e4a8315680debfc6dfabcb97e597c07cce0044db1f9dfbe2/ruff-0.8.4-py3-none-manylinux_2_17_ppc64.manylinux2014_ppc64.whl", hash = "sha256:9f8402b7c4f96463f135e936d9ab77b65711fcd5d72e5d67597b543bbb43cf3f", size = 12094851, upload-time = "2024-12-19T13:35:48.975Z" },
    { url = "https://files.pythonhosted.org/packages/81/b1/c5d7fb68506cab9832d208d03ea4668da9a9887a4a392f4f328b1bf734ad/ruff-0.8.4-py3-none-manylinux_2_17_ppc64le.manylinux2014_ppc64le.whl", hash = "sha256:e4e56b3baa9c23d324ead112a4fdf20db9a3f8f29eeabff1355114dd96014604", size = 11655539, upload-time = "2024-12-19T13:35:52.865Z" },
    { url = "https://files.pythonhosted.org/packages/ef/38/8f8f2c8898dc8a7a49bc340cf6f00226917f0f5cb489e37075bcb2ce3671/ruff-0.8.4-py3-none-manylinux_2_17_s390x.manylinux2014_s390x.whl", hash = "sha256:736272574e97157f7edbbb43b1d046125fce9e7d8d583d5d65d0c9bf2c15addf", size = 12912805, upload-time = "2024-12-19T13:35:57.234Z" },
    { url = "https://files.pythonhosted.org/packages/06/dd/fa6660c279f4eb320788876d0cff4ea18d9af7d9ed7216d7bd66877468d0/ruff-0.8.4-py3-none-manylinux_2_17_x86_64.manylinux2014_x86_64.whl", hash = "sha256:e5fe710ab6061592521f902fca7ebcb9fabd27bc7c57c764298b1c1f15fff720", size = 11205976, upload-time = "2024-12-19T13:36:01.27Z" },
    { url = "https://files.pythonhosted.org/packages/a8/d7/de94cc89833b5de455750686c17c9e10f4e1ab7ccdc5521b8fe911d1477e/ruff-0.8.4-py3-none-musllinux_1_2_aarch64.whl", hash = "sha256:13e9ec6d6b55f6da412d59953d65d66e760d583dd3c1c72bf1f26435b5bfdbae", size = 10792039, upload-time = "2024-12-19T13:36:04.459Z" },
    { url = "https://files.pythonhosted.org/packages/6d/15/3e4906559248bdbb74854af684314608297a05b996062c9d72e0ef7c7097/ruff-0.8.4-py3-none-musllinux_1_2_armv7l.whl", hash = "sha256:97d9aefef725348ad77d6db98b726cfdb075a40b936c7984088804dfd38268a7", size = 10400088, upload-time = "2024-12-19T13:36:08.362Z" },
    { url = "https://files.pythonhosted.org/packages/a2/21/9ed4c0e8133cb4a87a18d470f534ad1a8a66d7bec493bcb8bda2d1a5d5be/ruff-0.8.4-py3-none-musllinux_1_2_i686.whl", hash = "sha256:ab78e33325a6f5374e04c2ab924a3367d69a0da36f8c9cb6b894a62017506111", size = 10900814, upload-time = "2024-12-19T13:36:12.877Z" },
    { url = "https://files.pythonhosted.org/packages/0d/5d/122a65a18955bd9da2616b69bc839351f8baf23b2805b543aa2f0aed72b5/ruff-0.8.4-py3-none-musllinux_1_2_x86_64.whl", hash = "sha256:8ef06f66f4a05c3ddbc9121a8b0cecccd92c5bf3dd43b5472ffe40b8ca10f0f8", size = 11268828, upload-time = "2024-12-19T13:36:15.718Z" },
    { url = "https://files.pythonhosted.org/packages/43/a9/1676ee9106995381e3d34bccac5bb28df70194167337ed4854c20f27c7ba/ruff-0.8.4-py3-none-win32.whl", hash = "sha256:552fb6d861320958ca5e15f28b20a3d071aa83b93caee33a87b471f99a6c0835", size = 8805621, upload-time = "2024-12-19T13:36:18.551Z" },
    { url = "https://files.pythonhosted.org/packages/10/98/ed6b56a30ee76771c193ff7ceeaf1d2acc98d33a1a27b8479cbdb5c17a23/ruff-0.8.4-py3-none-win_amd64.whl", hash = "sha256:f21a1143776f8656d7f364bd264a9d60f01b7f52243fbe90e7670c0dfe0cf65d", size = 9660086, upload-time = "2024-12-19T13:36:21.323Z" },
    { url = "https://files.pythonhosted.org/packages/13/9f/026e18ca7d7766783d779dae5e9c656746c6ede36ef73c6d934aaf4a6dec/ruff-0.8.4-py3-none-win_arm64.whl", hash = "sha256:9183dd615d8df50defa8b1d9a074053891ba39025cf5ae88e8bcb52edcc4bf08", size = 9074500, upload-time = "2024-12-19T13:36:23.92Z" },
]

[[package]]
name = "ty"
version = "0.0.1a5"
source = { registry = "https://pypi.org/simple" }
sdist = { url = "https://files.pythonhosted.org/packages/cc/c4/ad8419964f507ab2063b948fa0020a5b2050ca255ed23a32dd1f2ab7a2e8/ty-0.0.1a5.tar.gz", hash = "sha256:7a2e7a1c0174e3328132dd74a2a7fba7d8ee2f5fea8b37618b3a411b2d40177b", size = 2877650, upload-time = "2025-05-17T13:10:05.868Z" }
wheels = [
    { url = "https://files.pythonhosted.org/packages/c7/a3/29b0ea48bd720608a996410850cb6c35fa6147f6bcac711b49cc8000b89e/ty-0.0.1a5-py3-none-linux_armv6l.whl", hash = "sha256:b8b385a81dadddd1197cfb6c891662962c67e95395fe2d814bd82b15aa5c19d1", size = 6182352, upload-time = "2025-05-17T13:09:26.424Z" },
    { url = "https://files.pythonhosted.org/packages/10/63/b1b190300aed42e0cd531b0b760b3cee41bc255e5ddf3918a3848775f8a6/ty-0.0.1a5-py3-none-macosx_10_12_x86_64.whl", hash = "sha256:30d1f6d17d537bad1500456c022da16def10fefad6dd3c9223cfde7ee329ac5a", size = 6281271, upload-time = "2025-05-17T13:09:28.984Z" },
    { url = "https://files.pythonhosted.org/packages/56/6a/932f3da4c013279912c24a3cf908637e22321ea276b9d676741bd6b4242a/ty-0.0.1a5-py3-none-macosx_11_0_arm64.whl", hash = "sha256:e13583a89189546d6efff8579d3a2275c9a6721cc2a1b31af2d5d0160d92ef1f", size = 5958618, upload-time = "2025-05-17T13:09:31.104Z" },
    { url = "https://files.pythonhosted.org/packages/ba/3c/157b7a2f956a591695987878106ebd28b382415b5caff6b462fd84abaad2/ty-0.0.1a5-py3-none-manylinux_2_17_aarch64.manylinux2014_aarch64.whl", hash = "sha256:f270d5e53eda1469ec6a642b2216634d0390f02cb5eea0ba96f32914cecd83b6", size = 6088477, upload-time = "2025-05-17T13:09:33.127Z" },
    { url = "https://files.pythonhosted.org/packages/9c/74/e783e6cf3e862befe24ac03c2c693ec5f8abb3b6fd54b6b11a3cbb659639/ty-0.0.1a5-py3-none-manylinux_2_17_armv7l.manylinux2014_armv7l.whl", hash = "sha256:1aab2caa2c324cb070e62ae3bb5ad66b511b83f169d7198bf54ec9823fc33c70", size = 6065665, upload-time = "2025-05-17T13:09:35.791Z" },
    { url = "https://files.pythonhosted.org/packages/20/09/0baebfc35d39b94bb083adb3ef982dcf23ad94370b7a526f4eeef3ae3418/ty-0.0.1a5-py3-none-manylinux_2_17_i686.manylinux2014_i686.whl", hash = "sha256:57f5696758c677a6ebbb65ee060356b37983437b6837ee8283e057f293cc600a", size = 6769220, upload-time = "2025-05-17T13:09:38.858Z" },
    { url = "https://files.pythonhosted.org/packages/8b/45/1acd64cecda7e42446f5581a1e40c4f6dc59adfbbd2ae50137ff31ab0b35/ty-0.0.1a5-py3-none-manylinux_2_17_ppc64.manylinux2014_ppc64.whl", hash = "sha256:44fbf69d395db013732a1aa3a2fa1ace008785182ee573117f8900b577389bfa", size = 7175984, upload-time = "2025-05-17T13:09:41.171Z" },
    { url = "https://files.pythonhosted.org/packages/a0/12/c17d30079e4ce4cc7b91556078f15dcfb17ad4f1966113fc11f77f94b222/ty-0.0.1a5-py3-none-manylinux_2_17_ppc64le.manylinux2014_ppc64le.whl", hash = "sha256:8ed2e066af628629e2c444b411ddae953307f2484216bb58f2c96dcfaedbd59a", size = 6843732, upload-time = "2025-05-17T13:09:43.496Z" },
    { url = "https://files.pythonhosted.org/packages/5a/c7/8856825d4369591d23ab18429c059c8618555062252ddff1d174fae5b57a/ty-0.0.1a5-py3-none-manylinux_2_17_s390x.manylinux2014_s390x.whl", hash = "sha256:710db3ca64252ec02b934f95cc3a7dfdb7b52af686b01fffd0b7c718dc91055a", size = 6757123, upload-time = "2025-05-17T13:09:45.555Z" },
    { url = "https://files.pythonhosted.org/packages/d8/1e/d73723137b9ab5b10f2e560d10cb5173af4824694118f87879268dc4b6c7/ty-0.0.1a5-py3-none-manylinux_2_17_x86_64.manylinux2014_x86_64.whl", hash = "sha256:b38e1dcfdc6ceb6c2fefc7a508b1e98e110b1bd33912f209530ff0f28035f95e", size = 6554195, upload-time = "2025-05-17T13:09:47.584Z" },
    { url = "https://files.pythonhosted.org/packages/17/93/034c46fb1d16fe1b856b10d232a00af0c23d5c4527c6c420c7e76c23ab53/ty-0.0.1a5-py3-none-musllinux_1_2_aarch64.whl", hash = "sha256:20ceddee48797f6118343d8657faf52bd0b7a872113f04dfdb349485d269cab6", size = 6004497, upload-time = "2025-05-17T13:09:49.959Z" },
    { url = "https://files.pythonhosted.org/packages/6e/9e/de2e01f287d2b0158948e0c9dab5c5296b7bbef36536ec0ff0b5ca46a0da/ty-0.0.1a5-py3-none-musllinux_1_2_armv7l.whl", hash = "sha256:43a0408474fcb714795ee662af45e0a0bd821cac7cbc8f746644011dbc80fa70", size = 6088661, upload-time = "2025-05-17T13:09:51.746Z" },
    { url = "https://files.pythonhosted.org/packages/dc/2d/17e0660d49b550393b637a025285f93df7201a49f1e6f5a42a7ade1f6397/ty-0.0.1a5-py3-none-musllinux_1_2_i686.whl", hash = "sha256:8289c2f9ff5281e99568d869c7189d9292cfa534b47b01bd8322680039469eba", size = 6474732, upload-time = "2025-05-17T13:09:54.068Z" },
    { url = "https://files.pythonhosted.org/packages/f3/5b/58257d196c5d9bf8de24cbfafc14fc0fa5e0a6e944dd6575b37823c50b25/ty-0.0.1a5-py3-none-musllinux_1_2_x86_64.whl", hash = "sha256:c85deeed7b1aed13701798199a17b3558cc211db119dac9245e3923641e7bad2", size = 6617836, upload-time = "2025-05-17T13:09:56.349Z" },
    { url = "https://files.pythonhosted.org/packages/d1/b3/988b12b7f481156c74cff009e4cf2893c02deb7c4f0692067b8299583e60/ty-0.0.1a5-py3-none-win32.whl", hash = "sha256:4325199aa550c1b9851e22b47096fd176208f36e5043d69516e04ea425b81c22", size = 5895625, upload-time = "2025-05-17T13:09:58.723Z" },
    { url = "https://files.pythonhosted.org/packages/9a/c2/6ad50d901e7a17381acf9ec930fcc411cec4f1b9aca412096d51ba514aaa/ty-0.0.1a5-py3-none-win_amd64.whl", hash = "sha256:5cce28ed6915ef9fee17e8c9e1074d17c268af7b353c75a5e9af03d6d651e811", size = 6362697, upload-time = "2025-05-17T13:10:01.044Z" },
    { url = "https://files.pythonhosted.org/packages/07/a6/297bec904996e257a93900806127a68b747f9f79e7f95f0d5af6640eb0c2/ty-0.0.1a5-py3-none-win_arm64.whl", hash = "sha256:474f8d045e6c56ef28a7bb0cc5d4d9e867b359c7bcb25ef34bf92f573e344a80", size = 6020697, upload-time = "2025-05-17T13:10:03.788Z" },
]
